
Microsoft Visual Studio Solution File, Format Version 10.00
# Visual Studio 2008
Project("{E24C65DC-7377-472B-9ABA-BC803B73C61A}") = "Code", "Code", "{EBBCBF7E-2A4B-44B3-96D0-8FD3D77D20CF}"
	ProjectSection(WebsiteProperties) = preProject
		SccProjectName = ""$/JSL_九色鹿/Code.root/Code", WKFCAAAA"
		SccAuxPath = ""
		SccLocalPath = ".."
		SccProvider = "MSSCCI:Microsoft Visual SourceSafe"
		TargetFramework = "2.0"
		ProjectReferences = ""
		Debug.AspNetCompiler.VirtualPath = "/Code"
		Debug.AspNetCompiler.PhysicalPath = "Code\"
		Debug.AspNetCompiler.TargetPath = "PrecompiledWeb\Code\"
		Debug.AspNetCompiler.Updateable = "true"
		Debug.AspNetCompiler.ForceOverwrite = "true"
		Debug.AspNetCompiler.FixedNames = "false"
		Debug.AspNetCompiler.Debug = "True"
		Release.AspNetCompiler.VirtualPath = "/Code"
		Release.AspNetCompiler.PhysicalPath = "Code\"
		Release.AspNetCompiler.TargetPath = "PrecompiledWeb\Code\"
		Release.AspNetCompiler.Updateable = "true"
		Release.AspNetCompiler.ForceOverwrite = "true"
		Release.AspNetCompiler.FixedNames = "false"
		Release.AspNetCompiler.Debug = "False"
		VWDPort = "2453"
	EndProjectSection
EndProject
Global
	GlobalSection(SourceCodeControl) = preSolution
		SccNumberOfProjects = 1
		SccWebProject0 = true
		SccProjectUniqueName0 = Code
		SccProjectName0 = \u0022$/JSL_九色鹿/Code.root/Code\u0022,\u0020WKFCAAAA
		SccLocalPath0 = .
		SccProvider0 = MSSCCI:Microsoft\u0020Visual\u0020SourceSafe
		SccProjectFilePathRelativizedFromConnection0 = Code\\
		SccProjectEnlistmentChoice0 = 2
	EndGlobalSection
	GlobalSection(SolutionConfigurationPlatforms) = preSolution
		Debug|Any CPU = Debug|Any CPU
		Release|Any CPU = Release|Any CPU
	EndGlobalSection
	GlobalSection(ProjectConfigurationPlatforms) = postSolution
		{EBBCBF7E-2A4B-44B3-96D0-8FD3D77D20CF}.Debug|Any CPU.ActiveCfg = Debug|Any CPU
		{EBBCBF7E-2A4B-44B3-96D0-8FD3D77D20CF}.Debug|Any CPU.Build.0 = Debug|Any CPU
		{EBBCBF7E-2A4B-44B3-96D0-8FD3D77D20CF}.Release|Any CPU.ActiveCfg = Debug|Any CPU
		{EBBCBF7E-2A4B-44B3-96D0-8FD3D77D20CF}.Release|Any CPU.Build.0 = Debug|Any CPU
	EndGlobalSection
	GlobalSection(SolutionProperties) = preSolution
		HideSolutionNode = FALSE
	EndGlobalSection
EndGlobal
