
Microsoft Visual Studio Solution File, Format Version 10.00
# Visual Studio 2008
Project("{FAE04EC0-301F-11D3-BF4B-00C04F79EFBC}") = "下载更新文件", "信息化管理系统\下载更新文件.csproj", "{0F26B3DB-094E-4003-A84E-260989FEBC2D}"
EndProject
Project("{FAE04EC0-301F-11D3-BF4B-00C04F79EFBC}") = "FrameBaseFunction", "FrameBaseFunction\FrameBaseFunction.csproj", "{A5E7FFE0-1AFB-4812-8B54-AC886B900155}"
EndProject
Project("{FAE04EC0-301F-11D3-BF4B-00C04F79EFBC}") = "80_WorkInformation", "80_WorkInformation\80_WorkInformation.csproj", "{ADE10146-2AFF-46D7-A633-4AC7489084D6}"
EndProject
Project("{FAE04EC0-301F-11D3-BF4B-00C04F79EFBC}") = "10_SaleOrder", "10_SaleOrder\10_SaleOrder.csproj", "{42253ED6-A39D-43FD-A46E-1555720967D7}"
EndProject
Project("{FAE04EC0-301F-11D3-BF4B-00C04F79EFBC}") = "01_BasicInformation", "01_BasicInformation\01_BasicInformation.csproj", "{D55BBED3-F371-4D9F-BAF6-30C5AF8BD7F7}"
EndProject
Project("{FAE04EC0-301F-11D3-BF4B-00C04F79EFBC}") = "90_Warehouse", "90_Warehouse\90_Warehouse.csproj", "{9B1043E2-F611-42B8-80D2-E0E9AF396652}"
EndProject
Project("{FAE04EC0-301F-11D3-BF4B-00C04F79EFBC}") = "上传更新文件", "自动更新\上传更新文件.csproj", "{0AC4824B-4399-4EB5-9BCF-0592DF1366DA}"
EndProject
Project("{FAE04EC0-301F-11D3-BF4B-00C04F79EFBC}") = "AppStart", "AppStart\AppStart.csproj", "{4C118B81-1A5C-467D-9742-07C6651DBFD9}"
EndProject
Project("{FAE04EC0-301F-11D3-BF4B-00C04F79EFBC}") = "30_OM", "30_OM\30_OM.csproj", "{A6F5F759-21D5-4481-9760-197B1E84F419}"
EndProject
Project("{FAE04EC0-301F-11D3-BF4B-00C04F79EFBC}") = "20_Purchase", "20_Purchase\20_Purchase.csproj", "{A5F65471-087C-4808-91CA-8D5DAFC54A70}"
EndProject
Project("{FAE04EC0-301F-11D3-BF4B-00C04F79EFBC}") = "00_Base", "00_Base\00_Base.csproj", "{945F1A33-A5D6-499F-B546-1F2774B6B710}"
EndProject
Global
	GlobalSection(SourceCodeControl) = preSolution
		SccNumberOfProjects = 12
		SccLocalPath0 = .
		SccProjectUniqueName1 = 00_Base\\00_Base.csproj
		SccLocalPath1 = .
		SccProjectFilePathRelativizedFromConnection1 = 00_Base\\
		SccProjectUniqueName2 = 01_BasicInformation\\01_BasicInformation.csproj
		SccLocalPath2 = .
		SccProjectFilePathRelativizedFromConnection2 = 01_BasicInformation\\
		SccProjectUniqueName3 = 10_SaleOrder\\10_SaleOrder.csproj
		SccLocalPath3 = .
		SccProjectFilePathRelativizedFromConnection3 = 10_SaleOrder\\
		SccProjectUniqueName4 = 20_Purchase\\20_Purchase.csproj
		SccLocalPath4 = .
		SccProjectFilePathRelativizedFromConnection4 = 20_Purchase\\
		SccProjectUniqueName5 = 30_OM\\30_OM.csproj
		SccLocalPath5 = .
		SccProjectFilePathRelativizedFromConnection5 = 30_OM\\
		SccProjectUniqueName6 = 80_WorkInformation\\80_WorkInformation.csproj
		SccLocalPath6 = .
		SccProjectFilePathRelativizedFromConnection6 = 80_WorkInformation\\
		SccProjectUniqueName7 = 90_Warehouse\\90_Warehouse.csproj
		SccLocalPath7 = .
		SccProjectFilePathRelativizedFromConnection7 = 90_Warehouse\\
		SccProjectUniqueName8 = AppStart\\AppStart.csproj
		SccLocalPath8 = .
		SccProjectFilePathRelativizedFromConnection8 = AppStart\\
		SccProjectUniqueName9 = FrameBaseFunction\\FrameBaseFunction.csproj
		SccLocalPath9 = .
		SccProjectFilePathRelativizedFromConnection9 = FrameBaseFunction\\
		SccProjectUniqueName10 = 信息化管理系统\\下载更新文件.csproj
		SccLocalPath10 = .
		SccProjectFilePathRelativizedFromConnection10 = 信息化管理系统\\
		SccProjectUniqueName11 = 自动更新\\上传更新文件.csproj
		SccLocalPath11 = .
		SccProjectFilePathRelativizedFromConnection11 = 自动更新\\
	EndGlobalSection
	GlobalSection(SolutionConfigurationPlatforms) = preSolution
		Debug|Any CPU = Debug|Any CPU
		Debug|x86 = Debug|x86
		Release|Any CPU = Release|Any CPU
		Release|x86 = Release|x86
	EndGlobalSection
	GlobalSection(ProjectConfigurationPlatforms) = postSolution
		{0F26B3DB-094E-4003-A84E-260989FEBC2D}.Debug|Any CPU.ActiveCfg = Debug|x86
		{0F26B3DB-094E-4003-A84E-260989FEBC2D}.Debug|Any CPU.Build.0 = Debug|x86
		{0F26B3DB-094E-4003-A84E-260989FEBC2D}.Debug|x86.ActiveCfg = Debug|x86
		{0F26B3DB-094E-4003-A84E-260989FEBC2D}.Debug|x86.Build.0 = Debug|x86
		{0F26B3DB-094E-4003-A84E-260989FEBC2D}.Release|Any CPU.ActiveCfg = Release|Any CPU
		{0F26B3DB-094E-4003-A84E-260989FEBC2D}.Release|Any CPU.Build.0 = Release|Any CPU
		{0F26B3DB-094E-4003-A84E-260989FEBC2D}.Release|x86.ActiveCfg = Release|x86
		{0F26B3DB-094E-4003-A84E-260989FEBC2D}.Release|x86.Build.0 = Release|x86
		{A5E7FFE0-1AFB-4812-8B54-AC886B900155}.Debug|Any CPU.ActiveCfg = Debug|x86
		{A5E7FFE0-1AFB-4812-8B54-AC886B900155}.Debug|Any CPU.Build.0 = Debug|x86
		{A5E7FFE0-1AFB-4812-8B54-AC886B900155}.Debug|x86.ActiveCfg = Debug|x86
		{A5E7FFE0-1AFB-4812-8B54-AC886B900155}.Debug|x86.Build.0 = Debug|x86
		{A5E7FFE0-1AFB-4812-8B54-AC886B900155}.Release|Any CPU.ActiveCfg = Release|Any CPU
		{A5E7FFE0-1AFB-4812-8B54-AC886B900155}.Release|Any CPU.Build.0 = Release|Any CPU
		{A5E7FFE0-1AFB-4812-8B54-AC886B900155}.Release|x86.ActiveCfg = Release|x86
		{A5E7FFE0-1AFB-4812-8B54-AC886B900155}.Release|x86.Build.0 = Release|x86
		{ADE10146-2AFF-46D7-A633-4AC7489084D6}.Debug|Any CPU.ActiveCfg = Debug|x86
		{ADE10146-2AFF-46D7-A633-4AC7489084D6}.Debug|Any CPU.Build.0 = Debug|x86
		{ADE10146-2AFF-46D7-A633-4AC7489084D6}.Debug|x86.ActiveCfg = Debug|x86
		{ADE10146-2AFF-46D7-A633-4AC7489084D6}.Debug|x86.Build.0 = Debug|x86
		{ADE10146-2AFF-46D7-A633-4AC7489084D6}.Release|Any CPU.ActiveCfg = Release|Any CPU
		{ADE10146-2AFF-46D7-A633-4AC7489084D6}.Release|Any CPU.Build.0 = Release|Any CPU
		{ADE10146-2AFF-46D7-A633-4AC7489084D6}.Release|x86.ActiveCfg = Release|x86
		{ADE10146-2AFF-46D7-A633-4AC7489084D6}.Release|x86.Build.0 = Release|x86
		{42253ED6-A39D-43FD-A46E-1555720967D7}.Debug|Any CPU.ActiveCfg = Debug|x86
		{42253ED6-A39D-43FD-A46E-1555720967D7}.Debug|Any CPU.Build.0 = Debug|x86
		{42253ED6-A39D-43FD-A46E-1555720967D7}.Debug|x86.ActiveCfg = Debug|x86
		{42253ED6-A39D-43FD-A46E-1555720967D7}.Debug|x86.Build.0 = Debug|x86
		{42253ED6-A39D-43FD-A46E-1555720967D7}.Release|Any CPU.ActiveCfg = Release|Any CPU
		{42253ED6-A39D-43FD-A46E-1555720967D7}.Release|Any CPU.Build.0 = Release|Any CPU
		{42253ED6-A39D-43FD-A46E-1555720967D7}.Release|x86.ActiveCfg = Release|x86
		{42253ED6-A39D-43FD-A46E-1555720967D7}.Release|x86.Build.0 = Release|x86
		{D55BBED3-F371-4D9F-BAF6-30C5AF8BD7F7}.Debug|Any CPU.ActiveCfg = Debug|x86
		{D55BBED3-F371-4D9F-BAF6-30C5AF8BD7F7}.Debug|Any CPU.Build.0 = Debug|x86
		{D55BBED3-F371-4D9F-BAF6-30C5AF8BD7F7}.Debug|x86.ActiveCfg = Debug|x86
		{D55BBED3-F371-4D9F-BAF6-30C5AF8BD7F7}.Debug|x86.Build.0 = Debug|x86
		{D55BBED3-F371-4D9F-BAF6-30C5AF8BD7F7}.Release|Any CPU.ActiveCfg = Release|Any CPU
		{D55BBED3-F371-4D9F-BAF6-30C5AF8BD7F7}.Release|Any CPU.Build.0 = Release|Any CPU
		{D55BBED3-F371-4D9F-BAF6-30C5AF8BD7F7}.Release|x86.ActiveCfg = Release|x86
		{D55BBED3-F371-4D9F-BAF6-30C5AF8BD7F7}.Release|x86.Build.0 = Release|x86
		{9B1043E2-F611-42B8-80D2-E0E9AF396652}.Debug|Any CPU.ActiveCfg = Debug|x86
		{9B1043E2-F611-42B8-80D2-E0E9AF396652}.Debug|Any CPU.Build.0 = Debug|x86
		{9B1043E2-F611-42B8-80D2-E0E9AF396652}.Debug|x86.ActiveCfg = Debug|x86
		{9B1043E2-F611-42B8-80D2-E0E9AF396652}.Debug|x86.Build.0 = Debug|x86
		{9B1043E2-F611-42B8-80D2-E0E9AF396652}.Release|Any CPU.ActiveCfg = Release|Any CPU
		{9B1043E2-F611-42B8-80D2-E0E9AF396652}.Release|Any CPU.Build.0 = Release|Any CPU
		{9B1043E2-F611-42B8-80D2-E0E9AF396652}.Release|x86.ActiveCfg = Release|x86
		{9B1043E2-F611-42B8-80D2-E0E9AF396652}.Release|x86.Build.0 = Release|x86
		{0AC4824B-4399-4EB5-9BCF-0592DF1366DA}.Debug|Any CPU.ActiveCfg = Debug|x86
		{0AC4824B-4399-4EB5-9BCF-0592DF1366DA}.Debug|Any CPU.Build.0 = Debug|x86
		{0AC4824B-4399-4EB5-9BCF-0592DF1366DA}.Debug|x86.ActiveCfg = Debug|x86
		{0AC4824B-4399-4EB5-9BCF-0592DF1366DA}.Debug|x86.Build.0 = Debug|x86
		{0AC4824B-4399-4EB5-9BCF-0592DF1366DA}.Release|Any CPU.ActiveCfg = Release|Any CPU
		{0AC4824B-4399-4EB5-9BCF-0592DF1366DA}.Release|Any CPU.Build.0 = Release|Any CPU
		{0AC4824B-4399-4EB5-9BCF-0592DF1366DA}.Release|x86.ActiveCfg = Release|x86
		{0AC4824B-4399-4EB5-9BCF-0592DF1366DA}.Release|x86.Build.0 = Release|x86
		{4C118B81-1A5C-467D-9742-07C6651DBFD9}.Debug|Any CPU.ActiveCfg = Debug|x86
		{4C118B81-1A5C-467D-9742-07C6651DBFD9}.Debug|Any CPU.Build.0 = Debug|x86
		{4C118B81-1A5C-467D-9742-07C6651DBFD9}.Debug|x86.ActiveCfg = Debug|x86
		{4C118B81-1A5C-467D-9742-07C6651DBFD9}.Debug|x86.Build.0 = Debug|x86
		{4C118B81-1A5C-467D-9742-07C6651DBFD9}.Release|Any CPU.ActiveCfg = Release|Any CPU
		{4C118B81-1A5C-467D-9742-07C6651DBFD9}.Release|Any CPU.Build.0 = Release|Any CPU
		{4C118B81-1A5C-467D-9742-07C6651DBFD9}.Release|x86.ActiveCfg = Release|x86
		{4C118B81-1A5C-467D-9742-07C6651DBFD9}.Release|x86.Build.0 = Release|x86
		{A6F5F759-21D5-4481-9760-197B1E84F419}.Debug|Any CPU.ActiveCfg = Debug|Any CPU
		{A6F5F759-21D5-4481-9760-197B1E84F419}.Debug|Any CPU.Build.0 = Debug|Any CPU
		{A6F5F759-21D5-4481-9760-197B1E84F419}.Debug|x86.ActiveCfg = Debug|Any CPU
		{A6F5F759-21D5-4481-9760-197B1E84F419}.Release|Any CPU.ActiveCfg = Release|Any CPU
		{A6F5F759-21D5-4481-9760-197B1E84F419}.Release|Any CPU.Build.0 = Release|Any CPU
		{A6F5F759-21D5-4481-9760-197B1E84F419}.Release|x86.ActiveCfg = Release|Any CPU
		{A5F65471-087C-4808-91CA-8D5DAFC54A70}.Debug|Any CPU.ActiveCfg = Debug|Any CPU
		{A5F65471-087C-4808-91CA-8D5DAFC54A70}.Debug|Any CPU.Build.0 = Debug|Any CPU
		{A5F65471-087C-4808-91CA-8D5DAFC54A70}.Debug|x86.ActiveCfg = Debug|Any CPU
		{A5F65471-087C-4808-91CA-8D5DAFC54A70}.Release|Any CPU.ActiveCfg = Release|Any CPU
		{A5F65471-087C-4808-91CA-8D5DAFC54A70}.Release|Any CPU.Build.0 = Release|Any CPU
		{A5F65471-087C-4808-91CA-8D5DAFC54A70}.Release|x86.ActiveCfg = Release|Any CPU
		{945F1A33-A5D6-499F-B546-1F2774B6B710}.Debug|Any CPU.ActiveCfg = Debug|Any CPU
		{945F1A33-A5D6-499F-B546-1F2774B6B710}.Debug|Any CPU.Build.0 = Debug|Any CPU
		{945F1A33-A5D6-499F-B546-1F2774B6B710}.Debug|x86.ActiveCfg = Debug|Any CPU
		{945F1A33-A5D6-499F-B546-1F2774B6B710}.Release|Any CPU.ActiveCfg = Release|Any CPU
		{945F1A33-A5D6-499F-B546-1F2774B6B710}.Release|Any CPU.Build.0 = Release|Any CPU
		{945F1A33-A5D6-499F-B546-1F2774B6B710}.Release|x86.ActiveCfg = Release|Any CPU
	EndGlobalSection
	GlobalSection(SolutionProperties) = preSolution
		HideSolutionNode = FALSE
	EndGlobalSection
EndGlobal
