
Microsoft Visual Studio Solution File, Format Version 10.00
# Visual Studio 2008
Project("{FAE04EC0-301F-11D3-BF4B-00C04F79EFBC}") = "按工号导入照片", "按工号导入照片\按工号导入照片.csproj", "{437569FF-3058-4D34-8F0C-9787097AC3E8}"
EndProject
Global
	GlobalSection(SourceCodeControl) = preSolution
		SccNumberOfProjects = 2
		SccLocalPath0 = .
		SccProjectUniqueName1 = 按工号导入照片\\按工号导入照片.csproj
		SccLocalPath1 = .
		SccProjectFilePathRelativizedFromConnection1 = 按工号导入照片\\
	EndGlobalSection
	GlobalSection(SolutionConfigurationPlatforms) = preSolution
		Debug|Any CPU = Debug|Any CPU
		Release|Any CPU = Release|Any CPU
	EndGlobalSection
	GlobalSection(ProjectConfigurationPlatforms) = postSolution
		{437569FF-3058-4D34-8F0C-9787097AC3E8}.Debug|Any CPU.ActiveCfg = Debug|Any CPU
		{437569FF-3058-4D34-8F0C-9787097AC3E8}.Debug|Any CPU.Build.0 = Debug|Any CPU
		{437569FF-3058-4D34-8F0C-9787097AC3E8}.Release|Any CPU.ActiveCfg = Release|Any CPU
		{437569FF-3058-4D34-8F0C-9787097AC3E8}.Release|Any CPU.Build.0 = Release|Any CPU
	EndGlobalSection
	GlobalSection(SolutionProperties) = preSolution
		HideSolutionNode = FALSE
	EndGlobalSection
EndGlobal
