
Microsoft Visual Studio Solution File, Format Version 10.00
# Visual Studio 2008
Project("{FAE04EC0-301F-11D3-BF4B-00C04F79EFBC}") = "UFIDA.U8.UAP.CustomApp.Entrance", "UFIDA.U8.UAP.CustomApp.Entrance\UFIDA.U8.UAP.CustomApp.Entrance.csproj", "{7DD748DC-8251-447E-A4D7-10F400BE70B6}"
EndProject
Project("{FAE04EC0-301F-11D3-BF4B-00C04F79EFBC}") = "UFIDA.U8.UAP.CustomApp.ControlForm", "UFIDA.U8.UAP.CustomApp.ControlForm\UFIDA.U8.UAP.CustomApp.ControlForm.csproj", "{D57AC05B-60E2-4174-9B56-1480A0B64D1C}"
EndProject
Project("{FAE04EC0-301F-11D3-BF4B-00C04F79EFBC}") = "UFIDA.U8.UAP.CustomApp.MetaData", "UFIDA.U8.UAP.CustomApp.MetaData\UFIDA.U8.UAP.CustomApp.MetaData.csproj", "{079EC8DF-9664-4DAC-9CC8-2F4486E8E981}"
EndProject
Project("{FAE04EC0-301F-11D3-BF4B-00C04F79EFBC}") = "WindowsFormsApplication1", "UFIDA.U8.UAP.CustomApp.Testing\WindowsFormsApplication1.csproj", "{04AE2CF7-879B-4BEC-8A20-037B9F7FD6E0}"
EndProject
Project("{FAE04EC0-301F-11D3-BF4B-00C04F79EFBC}") = "TH.BaseClass", "TH.BaseClass\TH.BaseClass.csproj", "{01862D7A-15A2-4B4F-9C25-DF91C7383BB8}"
EndProject
Global
	GlobalSection(SolutionConfigurationPlatforms) = preSolution
		Debug|Any CPU = Debug|Any CPU
		Release|Any CPU = Release|Any CPU
	EndGlobalSection
	GlobalSection(ProjectConfigurationPlatforms) = postSolution
		{7DD748DC-8251-447E-A4D7-10F400BE70B6}.Debug|Any CPU.ActiveCfg = Debug|Any CPU
		{7DD748DC-8251-447E-A4D7-10F400BE70B6}.Debug|Any CPU.Build.0 = Debug|Any CPU
		{7DD748DC-8251-447E-A4D7-10F400BE70B6}.Release|Any CPU.ActiveCfg = Release|Any CPU
		{7DD748DC-8251-447E-A4D7-10F400BE70B6}.Release|Any CPU.Build.0 = Release|Any CPU
		{D57AC05B-60E2-4174-9B56-1480A0B64D1C}.Debug|Any CPU.ActiveCfg = Debug|Any CPU
		{D57AC05B-60E2-4174-9B56-1480A0B64D1C}.Debug|Any CPU.Build.0 = Debug|Any CPU
		{D57AC05B-60E2-4174-9B56-1480A0B64D1C}.Release|Any CPU.ActiveCfg = Release|Any CPU
		{D57AC05B-60E2-4174-9B56-1480A0B64D1C}.Release|Any CPU.Build.0 = Release|Any CPU
		{079EC8DF-9664-4DAC-9CC8-2F4486E8E981}.Debug|Any CPU.ActiveCfg = Debug|Any CPU
		{079EC8DF-9664-4DAC-9CC8-2F4486E8E981}.Debug|Any CPU.Build.0 = Debug|Any CPU
		{079EC8DF-9664-4DAC-9CC8-2F4486E8E981}.Release|Any CPU.ActiveCfg = Release|Any CPU
		{079EC8DF-9664-4DAC-9CC8-2F4486E8E981}.Release|Any CPU.Build.0 = Release|Any CPU
		{04AE2CF7-879B-4BEC-8A20-037B9F7FD6E0}.Debug|Any CPU.ActiveCfg = Debug|Any CPU
		{04AE2CF7-879B-4BEC-8A20-037B9F7FD6E0}.Debug|Any CPU.Build.0 = Debug|Any CPU
		{04AE2CF7-879B-4BEC-8A20-037B9F7FD6E0}.Release|Any CPU.ActiveCfg = Release|Any CPU
		{04AE2CF7-879B-4BEC-8A20-037B9F7FD6E0}.Release|Any CPU.Build.0 = Release|Any CPU
		{01862D7A-15A2-4B4F-9C25-DF91C7383BB8}.Debug|Any CPU.ActiveCfg = Debug|Any CPU
		{01862D7A-15A2-4B4F-9C25-DF91C7383BB8}.Debug|Any CPU.Build.0 = Debug|Any CPU
		{01862D7A-15A2-4B4F-9C25-DF91C7383BB8}.Release|Any CPU.ActiveCfg = Release|Any CPU
		{01862D7A-15A2-4B4F-9C25-DF91C7383BB8}.Release|Any CPU.Build.0 = Release|Any CPU
	EndGlobalSection
	GlobalSection(SolutionProperties) = preSolution
		HideSolutionNode = FALSE
	EndGlobalSection
EndGlobal
